
Microsoft Visual Studio Solution File, Format Version 12.00
# Visual Studio Version 17
VisualStudioVersion = 17.9.34728.123
MinimumVisualStudioVersion = 10.0.40219.1
Project("{9A19103F-16F7-4668-BE54-9A1E7A4F7556}") = "ValidationAndErrorHandling", "ValidationAndErrorHandling\ValidationAndErrorHandling.csproj", "{3F6CCCD4-3FC1-4099-9AB7-2D0DB1A9FC96}"
EndProject
Project("{FAE04EC0-301F-11D3-BF4B-00C04F79EFBC}") = "Core", "Core\Core.csproj", "{BEB5F708-A593-41CD-85CE-230EF2B50DB7}"
EndProject
Project("{FAE04EC0-301F-11D3-BF4B-00C04F79EFBC}") = "Application", "Application\Application.csproj", "{132C0ECE-FCB9-4CF9-A1B5-271C55879F66}"
EndProject
Project("{FAE04EC0-301F-11D3-BF4B-00C04F79EFBC}") = "Infrastructure", "Infrastructure\Infrastructure.csproj", "{BA10E64D-CB2C-468A-A39B-4B36BB13292E}"
EndProject
Global
	GlobalSection(SolutionConfigurationPlatforms) = preSolution
		Debug|Any CPU = Debug|Any CPU
		Release|Any CPU = Release|Any CPU
	EndGlobalSection
	GlobalSection(ProjectConfigurationPlatforms) = postSolution
		{3F6CCCD4-3FC1-4099-9AB7-2D0DB1A9FC96}.Debug|Any CPU.ActiveCfg = Debug|Any CPU
		{3F6CCCD4-3FC1-4099-9AB7-2D0DB1A9FC96}.Debug|Any CPU.Build.0 = Debug|Any CPU
		{3F6CCCD4-3FC1-4099-9AB7-2D0DB1A9FC96}.Release|Any CPU.ActiveCfg = Release|Any CPU
		{3F6CCCD4-3FC1-4099-9AB7-2D0DB1A9FC96}.Release|Any CPU.Build.0 = Release|Any CPU
		{BEB5F708-A593-41CD-85CE-230EF2B50DB7}.Debug|Any CPU.ActiveCfg = Debug|Any CPU
		{BEB5F708-A593-41CD-85CE-230EF2B50DB7}.Debug|Any CPU.Build.0 = Debug|Any CPU
		{BEB5F708-A593-41CD-85CE-230EF2B50DB7}.Release|Any CPU.ActiveCfg = Release|Any CPU
		{BEB5F708-A593-41CD-85CE-230EF2B50DB7}.Release|Any CPU.Build.0 = Release|Any CPU
		{132C0ECE-FCB9-4CF9-A1B5-271C55879F66}.Debug|Any CPU.ActiveCfg = Debug|Any CPU
		{132C0ECE-FCB9-4CF9-A1B5-271C55879F66}.Debug|Any CPU.Build.0 = Debug|Any CPU
		{132C0ECE-FCB9-4CF9-A1B5-271C55879F66}.Release|Any CPU.ActiveCfg = Release|Any CPU
		{132C0ECE-FCB9-4CF9-A1B5-271C55879F66}.Release|Any CPU.Build.0 = Release|Any CPU
		{BA10E64D-CB2C-468A-A39B-4B36BB13292E}.Debug|Any CPU.ActiveCfg = Debug|Any CPU
		{BA10E64D-CB2C-468A-A39B-4B36BB13292E}.Debug|Any CPU.Build.0 = Debug|Any CPU
		{BA10E64D-CB2C-468A-A39B-4B36BB13292E}.Release|Any CPU.ActiveCfg = Release|Any CPU
		{BA10E64D-CB2C-468A-A39B-4B36BB13292E}.Release|Any CPU.Build.0 = Release|Any CPU
	EndGlobalSection
	GlobalSection(SolutionProperties) = preSolution
		HideSolutionNode = FALSE
	EndGlobalSection
	GlobalSection(ExtensibilityGlobals) = postSolution
		SolutionGuid = {861A8E04-B2AE-4013-AAAD-721B3CF3CCE2}
	EndGlobalSection
EndGlobal
